OPENWRT_BASE=672400f3619e912e8d2834f225f48a025a4e4ca2
OTB_BRANCH_HEAD=de79f732ce87b75500196900c8d58e804ae748d2
FEED_packages=198e8cce3392647d6f0f13c33c4d0434322f3bbe
FEED_luci=bfc4dfda2596505acadd8cbfa59ab6fc52a71d2b
FEED_routing=c7872431105f69894201dc522b7560e47d1e8ba9
FEED_telephony=5d68d53c160a325ea9d03fce393e051573bcc736
FEED_video=a951381b6c58b9b1eb087f09c9a20cff4ffe8063
LINUX_VERSION=6.18.39
LINUX_TARBALL_SHA256=a7a7e3d2ae9d95e74197223a8d4eb5f6be7aac21b6e6de27e9685d001c1f8cb0
